{
  "nodes": {
    "ddm": {
      "inputs": {
        "flake-utils": [
          "flake-utils"
        ],
        "nix-filter": [
          "nix-filter"
        ],
        "nixpkgs": [
          "nixpkgs"
        ]
      },
      "locked": {
        "lastModified": 1733476266,
        "narHash": "sha256-/9NKxGQAczEXMySkoY8AVG4wZbLgnC7lkgv/1inJECI=",
        "owner": "linuxdeepin",
        "repo": "ddm",
        "rev": "b69889e29ae9f4a105409388d55bee6fefff9640",
        "type": "github"
      },
      "original": {
        "owner": "linuxdeepin",
        "repo": "ddm",
        "type": "github"
      }
    },
    "flake-utils": {
      "inputs": {
        "systems": "systems"
      },
      "locked": {
        "lastModified": 1731533236,
        "narHash": "sha256-l0KFg5HjrsfsO/JpG+r7fRrqm12kzFHyUHqHCVpMMbI=",
        "owner": "numtide",
        "repo": "flake-utils",
        "rev": "11707dc2f618dd54ca8739b309ec4fc024de578b",
        "type": "github"
      },
      "original": {
        "owner": "numtide",
        "repo": "flake-utils",
        "type": "github"
      }
    },
    "nix-filter": {
      "locked": {
        "lastModified": 1731533336,
        "narHash": "sha256-oRam5PS1vcrr5UPgALW0eo1m/5/pls27Z/pabHNy2Ms=",
        "owner": "numtide",
        "repo": "nix-filter",
        "rev": "f7653272fd234696ae94229839a99b73c9ab7de0",
        "type": "github"
      },
      "original": {
        "owner": "numtide",
        "repo": "nix-filter",
        "type": "github"
      }
    },
    "nixpkgs": {
      "locked": {
        "lastModified": 1733212471,
        "narHash": "sha256-M1+uCoV5igihRfcUKrr1riygbe73/dzNnzPsmaLCmpo=",
        "path": "/nix/store/vqhkmj60457j8nrw9vb94ln40rkic1p6-source",
        "rev": "55d15ad12a74eb7d4646254e13638ad0c4128776",
        "type": "path"
      },
      "original": {
        "id": "nixpkgs",
        "type": "indirect"
      }
    },
    "qwlroots": {
      "inputs": {
        "flake-utils": [
          "flake-utils"
        ],
        "nix-filter": [
          "nix-filter"
        ],
        "nixpkgs": [
          "nixpkgs"
        ]
      },
      "locked": {
        "lastModified": 1732618668,
        "narHash": "sha256-RVIxyAC346gXy05hyT/AtConzO1ZE8lbiCg2Diin6bA=",
        "owner": "vioken",
        "repo": "qwlroots",
        "rev": "4880f9a7a820fa15d67c805156a100ac6c402490",
        "type": "github"
      },
      "original": {
        "owner": "vioken",
        "repo": "qwlroots",
        "type": "github"
      }
    },
    "root": {
      "inputs": {
        "ddm": "ddm",
        "flake-utils": "flake-utils",
        "nix-filter": "nix-filter",
        "nixpkgs": "nixpkgs",
        "qwlroots": "qwlroots",
        "treeland-protocols": "treeland-protocols",
        "waylib": "waylib"
      }
    },
    "systems": {
      "locked": {
        "lastModified": 1681028828,
        "narHash": "sha256-Vy1rq5AaRuLzOxct8nz4T6wlgyUR7zLU309k9mBC768=",
        "owner": "nix-systems",
        "repo": "default",
        "rev": "da67096a3b9bf56a91d16901293e51ba5b49a27e",
        "type": "github"
      },
      "original": {
        "owner": "nix-systems",
        "repo": "default",
        "type": "github"
      }
    },
    "treeland-protocols": {
      "inputs": {
        "flake-utils": [
          "flake-utils"
        ],
        "nix-filter": [
          "nix-filter"
        ],
        "nixpkgs": [
          "nixpkgs"
        ]
      },
      "locked": {
        "lastModified": 1733476203,
        "narHash": "sha256-SS4jnfr/9Ec3qpnHS4EjQViekBRMix5oz7b9qhNZpfY=",
        "owner": "linuxdeepin",
        "repo": "treeland-protocols",
        "rev": "d8bd68666e1452fb378ff26c4e7088029c2af6fe",
        "type": "github"
      },
      "original": {
        "owner": "linuxdeepin",
        "repo": "treeland-protocols",
        "type": "github"
      }
    },
    "waylib": {
      "inputs": {
        "flake-utils": [
          "flake-utils"
        ],
        "nix-filter": [
          "nix-filter"
        ],
        "nixpkgs": [
          "nixpkgs"
        ],
        "qwlroots": [
          "qwlroots"
        ]
      },
      "locked": {
        "lastModified": 1733562684,
        "narHash": "sha256-FG6RCF42QTdZNcqmYHjCf6biy0/dsxMpadqGinGLqak=",
        "owner": "vioken",
        "repo": "waylib",
        "rev": "49fe62f84e25a0a5aa305b01f3c382fc676f6456",
        "type": "github"
      },
      "original": {
        "owner": "vioken",
        "repo": "waylib",
        "type": "github"
      }
    }
  },
  "root": "root",
  "version": 7
}
