{
  "nodes": {
    "ddm": {
      "inputs": {
        "flake-utils": [
          "flake-utils"
        ],
        "nix-filter": [
          "nix-filter"
        ],
        "nixpkgs": [
          "nixpkgs"
        ]
      },
      "locked": {
        "lastModified": 1730792834,
        "narHash": "sha256-OwEALwl1ozvSIUmMuJ0iObuLgtDR4sIbvU5Rv3NSALs=",
        "owner": "linuxdeepin",
        "repo": "ddm",
        "rev": "b2248cbad32e1a51aedca349071b62a40dbb4233",
        "type": "github"
      },
      "original": {
        "owner": "linuxdeepin",
        "repo": "ddm",
        "type": "github"
      }
    },
    "flake-utils": {
      "inputs": {
        "systems": "systems"
      },
      "locked": {
        "lastModified": 1731533236,
        "narHash": "sha256-l0KFg5HjrsfsO/JpG+r7fRrqm12kzFHyUHqHCVpMMbI=",
        "owner": "numtide",
        "repo": "flake-utils",
        "rev": "11707dc2f618dd54ca8739b309ec4fc024de578b",
        "type": "github"
      },
      "original": {
        "owner": "numtide",
        "repo": "flake-utils",
        "type": "github"
      }
    },
    "nix-filter": {
      "locked": {
        "lastModified": 1731533336,
        "narHash": "sha256-oRam5PS1vcrr5UPgALW0eo1m/5/pls27Z/pabHNy2Ms=",
        "owner": "numtide",
        "repo": "nix-filter",
        "rev": "f7653272fd234696ae94229839a99b73c9ab7de0",
        "type": "github"
      },
      "original": {
        "owner": "numtide",
        "repo": "nix-filter",
        "type": "github"
      }
    },
    "nixpkgs": {
      "locked": {
        "lastModified": 1731890469,
        "narHash": "sha256-D1FNZ70NmQEwNxpSSdTXCSklBH1z2isPR84J6DQrJGs=",
        "owner": "NixOS",
        "repo": "nixpkgs",
        "rev": "5083ec887760adfe12af64830a66807423a859a7",
        "type": "github"
      },
      "original": {
        "id": "nixpkgs",
        "type": "indirect"
      }
    },
    "qwlroots": {
      "inputs": {
        "flake-utils": [
          "flake-utils"
        ],
        "nix-filter": [
          "nix-filter"
        ],
        "nixpkgs": [
          "nixpkgs"
        ]
      },
      "locked": {
        "lastModified": 1732179768,
        "narHash": "sha256-5s8bzwagXrbCd7Jajw8HrN8+aJYWYtJyR1edatmR1Rs=",
        "owner": "vioken",
        "repo": "qwlroots",
        "rev": "d9c39811ee8f0f37b8cb7aef1b5c6662b080b9c8",
        "type": "github"
      },
      "original": {
        "owner": "vioken",
        "repo": "qwlroots",
        "type": "github"
      }
    },
    "root": {
      "inputs": {
        "ddm": "ddm",
        "flake-utils": "flake-utils",
        "nix-filter": "nix-filter",
        "nixpkgs": "nixpkgs",
        "qwlroots": "qwlroots",
        "treeland-protocols": "treeland-protocols",
        "waylib": "waylib"
      }
    },
    "systems": {
      "locked": {
        "lastModified": 1681028828,
        "narHash": "sha256-Vy1rq5AaRuLzOxct8nz4T6wlgyUR7zLU309k9mBC768=",
        "owner": "nix-systems",
        "repo": "default",
        "rev": "da67096a3b9bf56a91d16901293e51ba5b49a27e",
        "type": "github"
      },
      "original": {
        "owner": "nix-systems",
        "repo": "default",
        "type": "github"
      }
    },
    "treeland-protocols": {
      "inputs": {
        "flake-utils": [
          "flake-utils"
        ],
        "nix-filter": [
          "nix-filter"
        ],
        "nixpkgs": [
          "nixpkgs"
        ]
      },
      "locked": {
        "lastModified": 1732157147,
        "narHash": "sha256-azol1JyyPh3X7fiURG/QiePXCDqfdrHI6ryedvDiE1A=",
        "owner": "linuxdeepin",
        "repo": "treeland-protocols",
        "rev": "24c125c0e9e4c997b2a19df7e3ca82e96a337f53",
        "type": "github"
      },
      "original": {
        "owner": "linuxdeepin",
        "repo": "treeland-protocols",
        "type": "github"
      }
    },
    "waylib": {
      "inputs": {
        "flake-utils": [
          "flake-utils"
        ],
        "nix-filter": [
          "nix-filter"
        ],
        "nixpkgs": [
          "nixpkgs"
        ],
        "qwlroots": [
          "qwlroots"
        ]
      },
      "locked": {
        "lastModified": 1732183323,
        "narHash": "sha256-cl6D2R1+jAqEGd6QvTIcJ7SmvnfDwvTIZ8xCWxXgwws=",
        "owner": "vioken",
        "repo": "waylib",
        "rev": "d6a78cbb9143d8965e36f0ce02f5754737ed6005",
        "type": "github"
      },
      "original": {
        "owner": "vioken",
        "repo": "waylib",
        "type": "github"
      }
    }
  },
  "root": "root",
  "version": 7
}
