{
  "nodes": {
    "ddm": {
      "inputs": {
        "flake-utils": [
          "flake-utils"
        ],
        "nix-filter": [
          "nix-filter"
        ],
        "nixpkgs": [
          "nixpkgs"
        ]
      },
      "locked": {
        "lastModified": 1737432823,
        "narHash": "sha256-pty5k1MQ9Fh68dscINllJ3Df3mzUgcB0HgBGFvw1Xgs=",
        "owner": "linuxdeepin",
        "repo": "ddm",
        "rev": "4cfcaf4184a47780b248ea9a43e38563ae0d55ab",
        "type": "github"
      },
      "original": {
        "owner": "linuxdeepin",
        "repo": "ddm",
        "type": "github"
      }
    },
    "flake-utils": {
      "inputs": {
        "systems": "systems"
      },
      "locked": {
        "lastModified": 1731533236,
        "narHash": "sha256-l0KFg5HjrsfsO/JpG+r7fRrqm12kzFHyUHqHCVpMMbI=",
        "owner": "numtide",
        "repo": "flake-utils",
        "rev": "11707dc2f618dd54ca8739b309ec4fc024de578b",
        "type": "github"
      },
      "original": {
        "owner": "numtide",
        "repo": "flake-utils",
        "type": "github"
      }
    },
    "nix-filter": {
      "locked": {
        "lastModified": 1731533336,
        "narHash": "sha256-oRam5PS1vcrr5UPgALW0eo1m/5/pls27Z/pabHNy2Ms=",
        "owner": "numtide",
        "repo": "nix-filter",
        "rev": "f7653272fd234696ae94229839a99b73c9ab7de0",
        "type": "github"
      },
      "original": {
        "owner": "numtide",
        "repo": "nix-filter",
        "type": "github"
      }
    },
    "nixpkgs": {
      "locked": {
        "lastModified": 1750506804,
        "narHash": "sha256-VLFNc4egNjovYVxDGyBYTrvVCgDYgENp5bVi9fPTDYc=",
        "owner": "NixOS",
        "repo": "nixpkgs",
        "rev": "4206c4cb56751df534751b058295ea61357bbbaa",
        "type": "github"
      },
      "original": {
        "owner": "NixOS",
        "ref": "nixos-unstable",
        "repo": "nixpkgs",
        "type": "github"
      }
    },
    "qwlroots": {
      "inputs": {
        "flake-utils": [
          "flake-utils"
        ],
        "nix-filter": [
          "nix-filter"
        ],
        "nixpkgs": [
          "nixpkgs"
        ]
      },
      "locked": {
        "lastModified": 1750311673,
        "narHash": "sha256-u9jloAb9ANdIg45af+6AZWUzfeya9VeUUjrwPGBOr+s=",
        "owner": "vioken",
        "repo": "qwlroots",
        "rev": "4a3ccb008966b91441af754cf99d9ca255c97d7b",
        "type": "github"
      },
      "original": {
        "owner": "vioken",
        "repo": "qwlroots",
        "type": "github"
      }
    },
    "root": {
      "inputs": {
        "ddm": "ddm",
        "flake-utils": "flake-utils",
        "nix-filter": "nix-filter",
        "nixpkgs": "nixpkgs",
        "qwlroots": "qwlroots",
        "treeland-protocols": "treeland-protocols",
        "waylib": "waylib"
      }
    },
    "systems": {
      "locked": {
        "lastModified": 1681028828,
        "narHash": "sha256-Vy1rq5AaRuLzOxct8nz4T6wlgyUR7zLU309k9mBC768=",
        "owner": "nix-systems",
        "repo": "default",
        "rev": "da67096a3b9bf56a91d16901293e51ba5b49a27e",
        "type": "github"
      },
      "original": {
        "owner": "nix-systems",
        "repo": "default",
        "type": "github"
      }
    },
    "treeland-protocols": {
      "inputs": {
        "flake-utils": [
          "flake-utils"
        ],
        "nix-filter": [
          "nix-filter"
        ],
        "nixpkgs": [
          "nixpkgs"
        ]
      },
      "locked": {
        "lastModified": 1737101824,
        "narHash": "sha256-keu/J/mEW7VIQ2Nyo9SaOreUYoDdgxONb66c6XN3Gnc=",
        "owner": "linuxdeepin",
        "repo": "treeland-protocols",
        "rev": "b087c563ad5b07f61ebbe2417251839ef6876d45",
        "type": "github"
      },
      "original": {
        "owner": "linuxdeepin",
        "repo": "treeland-protocols",
        "type": "github"
      }
    },
    "waylib": {
      "inputs": {
        "flake-utils": [
          "flake-utils"
        ],
        "nix-filter": [
          "nix-filter"
        ],
        "nixpkgs": [
          "nixpkgs"
        ],
        "qwlroots": [
          "qwlroots"
        ]
      },
      "locked": {
        "lastModified": 1750650432,
        "narHash": "sha256-KjIvBEW1kREN87o1froF9or+SHzKV6AEx8oBOqL3mcw=",
        "owner": "vioken",
        "repo": "waylib",
        "rev": "302fc5e710f2eb624a0678d90b4c0a87d0bd3a6c",
        "type": "github"
      },
      "original": {
        "owner": "vioken",
        "repo": "waylib",
        "type": "github"
      }
    }
  },
  "root": "root",
  "version": 7
}
